// !$*UTF8*$!
{
	archiveVersion = 1;
	classes = {
	};
	objectVersion = 50;
	objects = {

/* Begin PBXBuildFile section */
		5701A9D122FE166F006363F7 /* AppDelegate.swift in Sources */ = {isa = PBXBuildFile; fileRef = 5701A9D022FE166F006363F7 /* AppDelegate.swift */; };
		5701A9D322FE166F006363F7 /* ViewController.swift in Sources */ = {isa = PBXBuildFile; fileRef = 5701A9D222FE166F006363F7 /* ViewController.swift */; };
		5701A9D622FE166F006363F7 /* Main.storyboard in Resources */ = {isa = PBXBuildFile; fileRef = 5701A9D422FE166F006363F7 /* Main.storyboard */; };
		5701A9D822FE1670006363F7 /* Assets.xcassets in Resources */ = {isa = PBXBuildFile; fileRef = 5701A9D722FE1670006363F7 /* Assets.xcassets */; };
		5701A9DB22FE1670006363F7 /* LaunchScreen.storyboard in Resources */ = {isa = PBXBuildFile; fileRef = 5701A9D922FE1670006363F7 /* LaunchScreen.storyboard */; };
		5701A9EC22FE1C47006363F7 /* BlackStarViewController.swift in Sources */ = {isa = PBXBuildFile; fileRef = 5701A9EB22FE1C47006363F7 /* BlackStarViewController.swift */; };
		5701A9EE22FE1C76006363F7 /* AlamofireViewController.swift in Sources */ = {isa = PBXBuildFile; fileRef = 5701A9ED22FE1C76006363F7 /* AlamofireViewController.swift */; };
		5701A9F022FE1D5A006363F7 /* CategoriesLoader.swift in Sources */ = {isa = PBXBuildFile; fileRef = 5701A9EF22FE1D5A006363F7 /* CategoriesLoader.swift */; };
		5701A9F222FE20C1006363F7 /* CategoryTableViewCell.swift in Sources */ = {isa = PBXBuildFile; fileRef = 5701A9F122FE20C1006363F7 /* CategoryTableViewCell.swift */; };
		5701A9F422FE222A006363F7 /* Category.swift in Sources */ = {isa = PBXBuildFile; fileRef = 5701A9F322FE222A006363F7 /* Category.swift */; };
		5701A9F622FE2F35006363F7 /* StandartWayViewController.swift in Sources */ = {isa = PBXBuildFile; fileRef = 5701A9F522FE2F35006363F7 /* StandartWayViewController.swift */; };
		5701A9F822FE2F5F006363F7 /* WetherLoader.swift in Sources */ = {isa = PBXBuildFile; fileRef = 5701A9F722FE2F5F006363F7 /* WetherLoader.swift */; };
		5701AA0022FEE458006363F7 /* WeatherResponseObject.swift in Sources */ = {isa = PBXBuildFile; fileRef = 5701A9FF22FEE458006363F7 /* WeatherResponseObject.swift */; };
		5701AA0222FEEFE5006363F7 /* DayWeatherTableViewCell.swift in Sources */ = {isa = PBXBuildFile; fileRef = 5701AA0122FEEFE5006363F7 /* DayWeatherTableViewCell.swift */; };
		5701AA1422FF3227006363F7 /* Alamofire.framework in Frameworks */ = {isa = PBXBuildFile; fileRef = 5701AA1322FF3227006363F7 /* Alamofire.framework */; };
		5701AA1622FF3ACA006363F7 /* AlamofireImage.framework in Frameworks */ = {isa = PBXBuildFile; fileRef = 5701AA1522FF3ACA006363F7 /* AlamofireImage.framework */; };
		5701AA1A22FF8643006363F7 /* UserDefaultsViewController.swift in Sources */ = {isa = PBXBuildFile; fileRef = 5701AA1922FF8643006363F7 /* UserDefaultsViewController.swift */; };
		5701AA1C22FF8BBC006363F7 /* ToDoViewController.swift in Sources */ = {isa = PBXBuildFile; fileRef = 5701AA1B22FF8BBC006363F7 /* ToDoViewController.swift */; };
		5701AA1F22FF8EE8006363F7 /* Realm.framework in Frameworks */ = {isa = PBXBuildFile; fileRef = 5701AA1D22FF8EE8006363F7 /* Realm.framework */; };
		5701AA2022FF8EE8006363F7 /* RealmSwift.framework in Frameworks */ = {isa = PBXBuildFile; fileRef = 5701AA1E22FF8EE8006363F7 /* RealmSwift.framework */; };
		5701AA2223005447006363F7 /* CoreDataToDoViewController.swift in Sources */ = {isa = PBXBuildFile; fileRef = 5701AA2123005447006363F7 /* CoreDataToDoViewController.swift */; };
		5701AA46230060B5006363F7 /* Weather.xcdatamodeld in Sources */ = {isa = PBXBuildFile; fileRef = 5701AA44230060B5006363F7 /* Weather.xcdatamodeld */; };
/* End PBXBuildFile section */

/* Begin PBXFileReference section */
		5701A9CD22FE166F006363F7 /* Wether.app */ = {isa = PBXFileReference; explicitFileType = wrapper.application; includeInIndex = 0; path = Wether.app; sourceTree = BUILT_PRODUCTS_DIR; };
		5701A9D022FE166F006363F7 /* AppDelegate.swift */ = {isa = PBXFileReference; lastKnownFileType = sourcecode.swift; path = AppDelegate.swift; sourceTree = "<group>"; };
		5701A9D222FE166F006363F7 /* ViewController.swift */ = {isa = PBXFileReference; lastKnownFileType = sourcecode.swift; path = ViewController.swift; sourceTree = "<group>"; };
		5701A9D522FE166F006363F7 /* Base */ = {isa = PBXFileReference; lastKnownFileType = file.storyboard; name = Base; path = Base.lproj/Main.storyboard; sourceTree = "<group>"; };
		5701A9D722FE1670006363F7 /* Assets.xcassets */ = {isa = PBXFileReference; lastKnownFileType = folder.assetcatalog; path = Assets.xcassets; sourceTree = "<group>"; };
		5701A9DA22FE1670006363F7 /* Base */ = {isa = PBXFileReference; lastKnownFileType = file.storyboard; name = Base; path = Base.lproj/LaunchScreen.storyboard; sourceTree = "<group>"; };
		5701A9DC22FE1670006363F7 /* Info.plist */ = {isa = PBXFileReference; lastKnownFileType = text.plist.xml; path = Info.plist; sourceTree = "<group>"; };
		5701A9EB22FE1C47006363F7 /* BlackStarViewController.swift */ = {isa = PBXFileReference; lastKnownFileType = sourcecode.swift; path = BlackStarViewController.swift; sourceTree = "<group>"; };
		5701A9ED22FE1C76006363F7 /* AlamofireViewController.swift */ = {isa = PBXFileReference; lastKnownFileType = sourcecode.swift; path = AlamofireViewController.swift; sourceTree = "<group>"; };
		5701A9EF22FE1D5A006363F7 /* CategoriesLoader.swift */ = {isa = PBXFileReference; lastKnownFileType = sourcecode.swift; path = CategoriesLoader.swift; sourceTree = "<group>"; };
		5701A9F122FE20C1006363F7 /* CategoryTableViewCell.swift */ = {isa = PBXFileReference; lastKnownFileType = sourcecode.swift; path = CategoryTableViewCell.swift; sourceTree = "<group>"; };
		5701A9F322FE222A006363F7 /* Category.swift */ = {isa = PBXFileReference; lastKnownFileType = sourcecode.swift; path = Category.swift; sourceTree = "<group>"; };
		5701A9F522FE2F35006363F7 /* StandartWayViewController.swift */ = {isa = PBXFileReference; lastKnownFileType = sourcecode.swift; path = StandartWayViewController.swift; sourceTree = "<group>"; };
		5701A9F722FE2F5F006363F7 /* WetherLoader.swift */ = {isa = PBXFileReference; lastKnownFileType = sourcecode.swift; path = WetherLoader.swift; sourceTree = "<group>"; };
		5701A9FF22FEE458006363F7 /* WeatherResponseObject.swift */ = {isa = PBXFileReference; lastKnownFileType = sourcecode.swift; path = WeatherResponseObject.swift; sourceTree = "<group>"; };
		5701AA0122FEEFE5006363F7 /* DayWeatherTableViewCell.swift */ = {isa = PBXFileReference; lastKnownFileType = sourcecode.swift; path = DayWeatherTableViewCell.swift; sourceTree = "<group>"; };
		5701AA1322FF3227006363F7 /* Alamofire.framework */ = {isa = PBXFileReference; lastKnownFileType = wrapper.framework; name = Alamofire.framework; path = Carthage/Build/iOS/Alamofire.framework; sourceTree = "<group>"; };
		5701AA1522FF3ACA006363F7 /* AlamofireImage.framework */ = {isa = PBXFileReference; lastKnownFileType = wrapper.framework; name = AlamofireImage.framework; path = Carthage/Build/iOS/AlamofireImage.framework; sourceTree = "<group>"; };
		5701AA1922FF8643006363F7 /* UserDefaultsViewController.swift */ = {isa = PBXFileReference; lastKnownFileType = sourcecode.swift; path = UserDefaultsViewController.swift; sourceTree = "<group>"; };
		5701AA1B22FF8BBC006363F7 /* ToDoViewController.swift */ = {isa = PBXFileReference; lastKnownFileType = sourcecode.swift; path = ToDoViewController.swift; sourceTree = "<group>"; };
		5701AA1D22FF8EE8006363F7 /* Realm.framework */ = {isa = PBXFileReference; lastKnownFileType = wrapper.framework; name = Realm.framework; path = Carthage/Build/iOS/Realm.framework; sourceTree = "<group>"; };
		5701AA1E22FF8EE8006363F7 /* RealmSwift.framework */ = {isa = PBXFileReference; lastKnownFileType = wrapper.framework; name = RealmSwift.framework; path = Carthage/Build/iOS/RealmSwift.framework; sourceTree = "<group>"; };
		5701AA2123005447006363F7 /* CoreDataToDoViewController.swift */ = {isa = PBXFileReference; lastKnownFileType = sourcecode.swift; path = CoreDataToDoViewController.swift; sourceTree = "<group>"; };
		5701AA45230060B5006363F7 /* Weather.xcdatamodel */ = {isa = PBXFileReference; lastKnownFileType = wrapper.xcdatamodel; path = Weather.xcdatamodel; sourceTree = "<group>"; };
/* End PBXFileReference section */

/* Begin PBXFrameworksBuildPhase section */
		5701A9CA22FE166F006363F7 /* Frameworks */ = {
			isa = PBXFrameworksBuildPhase;
			buildActionMask = 2147483647;
			files = (
				5701AA1F22FF8EE8006363F7 /* Realm.framework in Frameworks */,
				5701AA2022FF8EE8006363F7 /* RealmSwift.framework in Frameworks */,
				5701AA1422FF3227006363F7 /* Alamofire.framework in Frameworks */,
				5701AA1622FF3ACA006363F7 /* AlamofireImage.framework in Frameworks */,
			);
			runOnlyForDeploymentPostprocessing = 0;
		};
/* End PBXFrameworksBuildPhase section */

/* Begin PBXGroup section */
		5701A9C422FE166F006363F7 = {
			isa = PBXGroup;
			children = (
				5701A9CF22FE166F006363F7 /* Wether */,
				5701A9CE22FE166F006363F7 /* Products */,
				5701AA1222FF3227006363F7 /* Frameworks */,
			);
			sourceTree = "<group>";
		};
		5701A9CE22FE166F006363F7 /* Products */ = {
			isa = PBXGroup;
			children = (
				5701A9CD22FE166F006363F7 /* Wether.app */,
			);
			name = Products;
			sourceTree = "<group>";
		};
		5701A9CF22FE166F006363F7 /* Wether */ = {
			isa = PBXGroup;
			children = (
				5701AA44230060B5006363F7 /* Weather.xcdatamodeld */,
				5701A9D022FE166F006363F7 /* AppDelegate.swift */,
				5701A9D222FE166F006363F7 /* ViewController.swift */,
				5701A9D422FE166F006363F7 /* Main.storyboard */,
				5701A9D722FE1670006363F7 /* Assets.xcassets */,
				5701A9D922FE1670006363F7 /* LaunchScreen.storyboard */,
				5701A9DC22FE1670006363F7 /* Info.plist */,
				5701A9EB22FE1C47006363F7 /* BlackStarViewController.swift */,
				5701A9ED22FE1C76006363F7 /* AlamofireViewController.swift */,
				5701A9EF22FE1D5A006363F7 /* CategoriesLoader.swift */,
				5701A9F122FE20C1006363F7 /* CategoryTableViewCell.swift */,
				5701A9F322FE222A006363F7 /* Category.swift */,
				5701A9F522FE2F35006363F7 /* StandartWayViewController.swift */,
				5701A9F722FE2F5F006363F7 /* WetherLoader.swift */,
				5701A9FF22FEE458006363F7 /* WeatherResponseObject.swift */,
				5701AA0122FEEFE5006363F7 /* DayWeatherTableViewCell.swift */,
				5701AA1922FF8643006363F7 /* UserDefaultsViewController.swift */,
				5701AA1B22FF8BBC006363F7 /* ToDoViewController.swift */,
				5701AA2123005447006363F7 /* CoreDataToDoViewController.swift */,
			);
			path = Wether;
			sourceTree = "<group>";
		};
		5701AA1222FF3227006363F7 /* Frameworks */ = {
			isa = PBXGroup;
			children = (
				5701AA1D22FF8EE8006363F7 /* Realm.framework */,
				5701AA1E22FF8EE8006363F7 /* RealmSwift.framework */,
				5701AA1522FF3ACA006363F7 /* AlamofireImage.framework */,
				5701AA1322FF3227006363F7 /* Alamofire.framework */,
			);
			name = Frameworks;
			sourceTree = "<group>";
		};
/* End PBXGroup section */

/* Begin PBXNativeTarget section */
		5701A9CC22FE166F006363F7 /* Wether */ = {
			isa = PBXNativeTarget;
			buildConfigurationList = 5701A9DF22FE1670006363F7 /* Build configuration list for PBXNativeTarget "Wether" */;
			buildPhases = (
				5701A9C922FE166F006363F7 /* Sources */,
				5701A9CA22FE166F006363F7 /* Frameworks */,
				5701A9CB22FE166F006363F7 /* Resources */,
				5701AA1822FF5DC0006363F7 /* ShellScript */,
			);
			buildRules = (
			);
			dependencies = (
			);
			name = Wether;
			productName = Wether;
			productReference = 5701A9CD22FE166F006363F7 /* Wether.app */;
			productType = "com.apple.product-type.application";
		};
/* End PBXNativeTarget section */

/* Begin PBXProject section */
		5701A9C522FE166F006363F7 /* Project object */ = {
			isa = PBXProject;
			attributes = {
				LastSwiftUpdateCheck = 1010;
				LastUpgradeCheck = 1010;
				ORGANIZATIONNAME = MT;
				TargetAttributes = {
					5701A9CC22FE166F006363F7 = {
						CreatedOnToolsVersion = 10.1;
					};
				};
			};
			buildConfigurationList = 5701A9C822FE166F006363F7 /* Build configuration list for PBXProject "Wether" */;
			compatibilityVersion = "Xcode 9.3";
			developmentRegion = en;
			hasScannedForEncodings = 0;
			knownRegions = (
				en,
				Base,
			);
			mainGroup = 5701A9C422FE166F006363F7;
			productRefGroup = 5701A9CE22FE166F006363F7 /* Products */;
			projectDirPath = "";
			projectRoot = "";
			targets = (
				5701A9CC22FE166F006363F7 /* Wether */,
			);
		};
/* End PBXProject section */

/* Begin PBXResourcesBuildPhase section */
		5701A9CB22FE166F006363F7 /* Resources */ = {
			isa = PBXResourcesBuildPhase;
			buildActionMask = 2147483647;
			files = (
				5701A9DB22FE1670006363F7 /* LaunchScreen.storyboard in Resources */,
				5701A9D822FE1670006363F7 /* Assets.xcassets in Resources */,
				5701A9D622FE166F006363F7 /* Main.storyboard in Resources */,
			);
			runOnlyForDeploymentPostprocessing = 0;
		};
/* End PBXResourcesBuildPhase section */

/* Begin PBXShellScriptBuildPhase section */
		5701AA1822FF5DC0006363F7 /* ShellScript */ = {
			isa = PBXShellScriptBuildPhase;
			buildActionMask = 2147483647;
			files = (
			);
			inputFileListPaths = (
			);
			inputPaths = (
				"$(SRCROOT)/Carthage/Build/iOS/Alamofire.framework",
				"$(SRCROOT)/Carthage/Build/iOS/AlamofireImage.framework",
				"$(SRCROOT)/Carthage/Build/iOS/Realm.framework",
				"$(SRCROOT)/Carthage/Build/iOS/RealmSwift.framework",
			);
			outputFileListPaths = (
			);
			outputPaths = (
			);
			runOnlyForDeploymentPostprocessing = 0;
			shellPath = /bin/sh;
			shellScript = "# Type a script or drag a script file from your workspace to insert its path.\n/usr/local/bin/carthage copy-frameworks\n";
		};
/* End PBXShellScriptBuildPhase section */

/* Begin PBXSourcesBuildPhase section */
		5701A9C922FE166F006363F7 /* Sources */ = {
			isa = PBXSourcesBuildPhase;
			buildActionMask = 2147483647;
			files = (
				5701A9D322FE166F006363F7 /* ViewController.swift in Sources */,
				5701A9EC22FE1C47006363F7 /* BlackStarViewController.swift in Sources */,
				5701AA2223005447006363F7 /* CoreDataToDoViewController.swift in Sources */,
				5701A9F022FE1D5A006363F7 /* CategoriesLoader.swift in Sources */,
				5701A9F622FE2F35006363F7 /* StandartWayViewController.swift in Sources */,
				5701AA0022FEE458006363F7 /* WeatherResponseObject.swift in Sources */,
				5701A9D122FE166F006363F7 /* AppDelegate.swift in Sources */,
				5701AA1A22FF8643006363F7 /* UserDefaultsViewController.swift in Sources */,
				5701AA1C22FF8BBC006363F7 /* ToDoViewController.swift in Sources */,
				5701AA0222FEEFE5006363F7 /* DayWeatherTableViewCell.swift in Sources */,
				5701A9F822FE2F5F006363F7 /* WetherLoader.swift in Sources */,
				5701A9EE22FE1C76006363F7 /* AlamofireViewController.swift in Sources */,
				5701AA46230060B5006363F7 /* Weather.xcdatamodeld in Sources */,
				5701A9F222FE20C1006363F7 /* CategoryTableViewCell.swift in Sources */,
				5701A9F422FE222A006363F7 /* Category.swift in Sources */,
			);
			runOnlyForDeploymentPostprocessing = 0;
		};
/* End PBXSourcesBuildPhase section */

/* Begin PBXVariantGroup section */
		5701A9D422FE166F006363F7 /* Main.storyboard */ = {
			isa = PBXVariantGroup;
			children = (
				5701A9D522FE166F006363F7 /* Base */,
			);
			name = Main.storyboard;
			sourceTree = "<group>";
		};
		5701A9D922FE1670006363F7 /* LaunchScreen.storyboard */ = {
			isa = PBXVariantGroup;
			children = (
				5701A9DA22FE1670006363F7 /* Base */,
			);
			name = LaunchScreen.storyboard;
			sourceTree = "<group>";
		};
/* End PBXVariantGroup section */

/* Begin XCBuildConfiguration section */
		5701A9DD22FE1670006363F7 /* Debug */ = {
			isa = XCBuildConfiguration;
			buildSettings = {
				ALWAYS_SEARCH_USER_PATHS = NO;
				CLANG_ANALYZER_NONNULL = YES;
				CLANG_ANALYZER_NUMBER_OBJECT_CONVERSION = YES_AGGRESSIVE;
				CLANG_CXX_LANGUAGE_STANDARD = "gnu++14";
				CLANG_CXX_LIBRARY = "libc++";
				CLANG_ENABLE_MODULES = YES;
				CLANG_ENABLE_OBJC_ARC = YES;
				CLANG_ENABLE_OBJC_WEAK = YES;
				CLANG_WARN_BLOCK_CAPTURE_AUTORELEASING = YES;
				CLANG_WARN_BOOL_CONVERSION = YES;
				CLANG_WARN_COMMA = YES;
				CLANG_WARN_CONSTANT_CONVERSION = YES;
				CLANG_WARN_DEPRECATED_OBJC_IMPLEMENTATIONS = YES;
				CLANG_WARN_DIRECT_OBJC_ISA_USAGE = YES_ERROR;
				CLANG_WARN_DOCUMENTATION_COMMENTS = YES;
				CLANG_WARN_EMPTY_BODY = YES;
				CLANG_WARN_ENUM_CONVERSION = YES;
				CLANG_WARN_INFINITE_RECURSION = YES;
				CLANG_WARN_INT_CONVERSION = YES;
				CLANG_WARN_NON_LITERAL_NULL_CONVERSION = YES;
				CLANG_WARN_OBJC_IMPLICIT_RETAIN_SELF = YES;
				CLANG_WARN_OBJC_LITERAL_CONVERSION = YES;
				CLANG_WARN_OBJC_ROOT_CLASS = YES_ERROR;
				CLANG_WARN_RANGE_LOOP_ANALYSIS = YES;
				CLANG_WARN_STRICT_PROTOTYPES = YES;
				CLANG_WARN_SUSPICIOUS_MOVE = YES;
				CLANG_WARN_UNGUARDED_AVAILABILITY = YES_AGGRESSIVE;
				CLANG_WARN_UNREACHABLE_CODE = YES;
				CLANG_WARN__DUPLICATE_METHOD_MATCH = YES;
				CODE_SIGN_IDENTITY = "iPhone Developer";
				COPY_PHASE_STRIP = NO;
				DEBUG_INFORMATION_FORMAT = dwarf;
				ENABLE_STRICT_OBJC_MSGSEND = YES;
				ENABLE_TESTABILITY = YES;
				GCC_C_LANGUAGE_STANDARD = gnu11;
				GCC_DYNAMIC_NO_PIC = NO;
				GCC_NO_COMMON_BLOCKS = YES;
				GCC_OPTIMIZATION_LEVEL = 0;
				GCC_PREPROCESSOR_DEFINITIONS = (
					"DEBUG=1",
					"$(inherited)",
				);
				GCC_WARN_64_TO_32_BIT_CONVERSION = YES;
				GCC_WARN_ABOUT_RETURN_TYPE = YES_ERROR;
				GCC_WARN_UNDECLARED_SELECTOR = YES;
				GCC_WARN_UNINITIALIZED_AUTOS = YES_AGGRESSIVE;
				GCC_WARN_UNUSED_FUNCTION = YES;
				GCC_WARN_UNUSED_VARIABLE = YES;
				IPHONEOS_DEPLOYMENT_TARGET = 12.1;
				MTL_ENABLE_DEBUG_INFO = INCLUDE_SOURCE;
				MTL_FAST_MATH = YES;
				ONLY_ACTIVE_ARCH = YES;
				SDKROOT = iphoneos;
				SWIFT_ACTIVE_COMPILATION_CONDITIONS = DEBUG;
				SWIFT_OPTIMIZATION_LEVEL = "-Onone";
			};
			name = Debug;
		};
		5701A9DE22FE1670006363F7 /* Release */ = {
			isa = XCBuildConfiguration;
			buildSettings = {
				ALWAYS_SEARCH_USER_PATHS = NO;
				CLANG_ANALYZER_NONNULL = YES;
				CLANG_ANALYZER_NUMBER_OBJECT_CONVERSION = YES_AGGRESSIVE;
				CLANG_CXX_LANGUAGE_STANDARD = "gnu++14";
				CLANG_CXX_LIBRARY = "libc++";
				CLANG_ENABLE_MODULES = YES;
				CLANG_ENABLE_OBJC_ARC = YES;
				CLANG_ENABLE_OBJC_WEAK = YES;
				CLANG_WARN_BLOCK_CAPTURE_AUTORELEASING = YES;
				CLANG_WARN_BOOL_CONVERSION = YES;
				CLANG_WARN_COMMA = YES;
				CLANG_WARN_CONSTANT_CONVERSION = YES;
				CLANG_WARN_DEPRECATED_OBJC_IMPLEMENTATIONS = YES;
				CLANG_WARN_DIRECT_OBJC_ISA_USAGE = YES_ERROR;
				CLANG_WARN_DOCUMENTATION_COMMENTS = YES;
				CLANG_WARN_EMPTY_BODY = YES;
				CLANG_WARN_ENUM_CONVERSION = YES;
				CLANG_WARN_INFINITE_RECURSION = YES;
				CLANG_WARN_INT_CONVERSION = YES;
				CLANG_WARN_NON_LITERAL_NULL_CONVERSION = YES;
				CLANG_WARN_OBJC_IMPLICIT_RETAIN_SELF = YES;
				CLANG_WARN_OBJC_LITERAL_CONVERSION = YES;
				CLANG_WARN_OBJC_ROOT_CLASS = YES_ERROR;
				CLANG_WARN_RANGE_LOOP_ANALYSIS = YES;
				CLANG_WARN_STRICT_PROTOTYPES = YES;
				CLANG_WARN_SUSPICIOUS_MOVE = YES;
				CLANG_WARN_UNGUARDED_AVAILABILITY = YES_AGGRESSIVE;
				CLANG_WARN_UNREACHABLE_CODE = YES;
				CLANG_WARN__DUPLICATE_METHOD_MATCH = YES;
				CODE_SIGN_IDENTITY = "iPhone Developer";
				COPY_PHASE_STRIP = NO;
				DEBUG_INFORMATION_FORMAT = "dwarf-with-dsym";
				ENABLE_NS_ASSERTIONS = NO;
				ENABLE_STRICT_OBJC_MSGSEND = YES;
				GCC_C_LANGUAGE_STANDARD = gnu11;
				GCC_NO_COMMON_BLOCKS = YES;
				GCC_WARN_64_TO_32_BIT_CONVERSION = YES;
				GCC_WARN_ABOUT_RETURN_TYPE = YES_ERROR;
				GCC_WARN_UNDECLARED_SELECTOR = YES;
				GCC_WARN_UNINITIALIZED_AUTOS = YES_AGGRESSIVE;
				GCC_WARN_UNUSED_FUNCTION = YES;
				GCC_WARN_UNUSED_VARIABLE = YES;
				IPHONEOS_DEPLOYMENT_TARGET = 12.1;
				MTL_ENABLE_DEBUG_INFO = NO;
				MTL_FAST_MATH = YES;
				SDKROOT = iphoneos;
				SWIFT_COMPILATION_MODE = wholemodule;
				SWIFT_OPTIMIZATION_LEVEL = "-O";
				VALIDATE_PRODUCT = YES;
			};
			name = Release;
		};
		5701A9E022FE1670006363F7 /* Debug */ = {
			isa = XCBuildConfiguration;
			buildSettings = {
				ASSETCATALOG_COMPILER_APPICON_NAME = AppIcon;
				CODE_SIGN_STYLE = Automatic;
				DEVELOPMENT_TEAM = KRLC8T775Y;
				FRAMEWORK_SEARCH_PATHS = (
					"$(PROJECT_DIR)/Frameworks",
					"$(PROJECT_DIR)/Carthage/Build/iOS",
				);
				INFOPLIST_FILE = Wether/Info.plist;
				LD_RUNPATH_SEARCH_PATHS = (
					"$(inherited)",
					"@executable_path/Frameworks",
				);
				PRODUCT_BUNDLE_IDENTIFIER = com.learning.Wether;
				PRODUCT_NAME = "$(TARGET_NAME)";
				SWIFT_VERSION = 4.2;
				TARGETED_DEVICE_FAMILY = "1,2";
			};
			name = Debug;
		};
		5701A9E122FE1670006363F7 /* Release */ = {
			isa = XCBuildConfiguration;
			buildSettings = {
				ASSETCATALOG_COMPILER_APPICON_NAME = AppIcon;
				CODE_SIGN_STYLE = Automatic;
				DEVELOPMENT_TEAM = KRLC8T775Y;
				FRAMEWORK_SEARCH_PATHS = (
					"$(PROJECT_DIR)/Frameworks",
					"$(PROJECT_DIR)/Carthage/Build/iOS",
				);
				INFOPLIST_FILE = Wether/Info.plist;
				LD_RUNPATH_SEARCH_PATHS = (
					"$(inherited)",
					"@executable_path/Frameworks",
				);
				PRODUCT_BUNDLE_IDENTIFIER = com.learning.Wether;
				PRODUCT_NAME = "$(TARGET_NAME)";
				SWIFT_VERSION = 4.2;
				TARGETED_DEVICE_FAMILY = "1,2";
			};
			name = Release;
		};
/* End XCBuildConfiguration section */

/* Begin XCConfigurationList section */
		5701A9C822FE166F006363F7 /* Build configuration list for PBXProject "Wether" */ = {
			isa = XCConfigurationList;
			buildConfigurations = (
				5701A9DD22FE1670006363F7 /* Debug */,
				5701A9DE22FE1670006363F7 /* Release */,
			);
			defaultConfigurationIsVisible = 0;
			defaultConfigurationName = Release;
		};
		5701A9DF22FE1670006363F7 /* Build configuration list for PBXNativeTarget "Wether" */ = {
			isa = XCConfigurationList;
			buildConfigurations = (
				5701A9E022FE1670006363F7 /* Debug */,
				5701A9E122FE1670006363F7 /* Release */,
			);
			defaultConfigurationIsVisible = 0;
			defaultConfigurationName = Release;
		};
/* End XCConfigurationList section */

/* Begin XCVersionGroup section */
		5701AA44230060B5006363F7 /* Weather.xcdatamodeld */ = {
			isa = XCVersionGroup;
			children = (
				5701AA45230060B5006363F7 /* Weather.xcdatamodel */,
			);
			currentVersion = 5701AA45230060B5006363F7 /* Weather.xcdatamodel */;
			path = Weather.xcdatamodeld;
			sourceTree = "<group>";
			versionGroupType = wrapper.xcdatamodel;
		};
/* End XCVersionGroup section */
	};
	rootObject = 5701A9C522FE166F006363F7 /* Project object */;
}
